// !$*UTF8*$!
{
	archiveVersion = 1;
	classes = {
	};
	objectVersion = 46;
	objects = {

/* Begin PBXBuildFile section */
		78A834541A0BE60200D3AD0F /* AppDelegate.swift in Sources */ = {isa = PBXBuildFile; fileRef = 78A834531A0BE60200D3AD0F /* AppDelegate.swift */; };
		78A834561A0BE60200D3AD0F /* ViewController.swift in Sources */ = {isa = PBXBuildFile; fileRef = 78A834551A0BE60200D3AD0F /* ViewController.swift */; };
		78A834591A0BE60200D3AD0F /* Main.storyboard in Resources */ = {isa = PBXBuildFile; fileRef = 78A834571A0BE60200D3AD0F /* Main.storyboard */; };
		78A8345B1A0BE60200D3AD0F /* Images.xcassets in Resources */ = {isa = PBXBuildFile; fileRef = 78A8345A1A0BE60200D3AD0F /* Images.xcassets */; };
		78A8345E1A0BE60200D3AD0F /* LaunchScreen.xib in Resources */ = {isa = PBXBuildFile; fileRef = 78A8345C1A0BE60200D3AD0F /* LaunchScreen.xib */; };
		78A8346A1A0BE60200D3AD0F /* iTunesSearchAPITests.swift in Sources */ = {isa = PBXBuildFile; fileRef = 78A834691A0BE60200D3AD0F /* iTunesSearchAPITests.swift */; };
/* End PBXBuildFile section */

/* Begin PBXContainerItemProxy section */
		78A834641A0BE60200D3AD0F /* PBXContainerItemProxy */ = {
			isa = PBXContainerItemProxy;
			containerPortal = 78A834461A0BE60200D3AD0F /* Project object */;
			proxyType = 1;
			remoteGlobalIDString = 78A8344D1A0BE60200D3AD0F;
			remoteInfo = iTunesSearchAPI;
		};
/* End PBXContainerItemProxy section */

/* Begin PBXFileReference section */
		78A8344E1A0BE60200D3AD0F /* iTunesSearchAPI.app */ = {isa = PBXFileReference; explicitFileType = wrapper.application; includeInIndex = 0; path = iTunesSearchAPI.app; sourceTree = BUILT_PRODUCTS_DIR; };
		78A834521A0BE60200D3AD0F /* Info.plist */ = {isa = PBXFileReference; lastKnownFileType = text.plist.xml; path = Info.plist; sourceTree = "<group>"; };
		78A834531A0BE60200D3AD0F /* AppDelegate.swift */ = {isa = PBXFileReference; lastKnownFileType = sourcecode.swift; path = AppDelegate.swift; sourceTree = "<group>"; };
		78A834551A0BE60200D3AD0F /* ViewController.swift */ = {isa = PBXFileReference; lastKnownFileType = sourcecode.swift; path = ViewController.swift; sourceTree = "<group>"; };
		78A834581A0BE60200D3AD0F /* Base */ = {isa = PBXFileReference; lastKnownFileType = file.storyboard; name = Base; path = Base.lproj/Main.storyboard; sourceTree = "<group>"; };
		78A8345A1A0BE60200D3AD0F /* Images.xcassets */ = {isa = PBXFileReference; lastKnownFileType = folder.assetcatalog; path = Images.xcassets; sourceTree = "<group>"; };
		78A8345D1A0BE60200D3AD0F /* Base */ = {isa = PBXFileReference; lastKnownFileType = file.xib; name = Base; path = Base.lproj/LaunchScreen.xib; sourceTree = "<group>"; };
		78A834631A0BE60200D3AD0F /* iTunesSearchAPITests.xctest */ = {isa = PBXFileReference; explicitFileType = wrapper.cfbundle; includeInIndex = 0; path = iTunesSearchAPITests.xctest; sourceTree = BUILT_PRODUCTS_DIR; };
		78A834681A0BE60200D3AD0F /* Info.plist */ = {isa = PBXFileReference; lastKnownFileType = text.plist.xml; path = Info.plist; sourceTree = "<group>"; };
		78A834691A0BE60200D3AD0F /* iTunesSearchAPITests.swift */ = {isa = PBXFileReference; lastKnownFileType = sourcecode.swift; path = iTunesSearchAPITests.swift; sourceTree = "<group>"; };
/* End PBXFileReference section */

/* Begin PBXFrameworksBuildPhase section */
		78A8344B1A0BE60200D3AD0F /* Frameworks */ = {
			isa = PBXFrameworksBuildPhase;
			buildActionMask = 2147483647;
			files = (
			);
			runOnlyForDeploymentPostprocessing = 0;
		};
		78A834601A0BE60200D3AD0F /* Frameworks */ = {
			isa = PBXFrameworksBuildPhase;
			buildActionMask = 2147483647;
			files = (
			);
			runOnlyForDeploymentPostprocessing = 0;
		};
/* End PBXFrameworksBuildPhase section */

/* Begin PBXGroup section */
		78A834451A0BE60200D3AD0F = {
			isa = PBXGroup;
			children = (
				78A834501A0BE60200D3AD0F /* iTunesSearchAPI */,
				78A834661A0BE60200D3AD0F /* iTunesSearchAPITests */,
				78A8344F1A0BE60200D3AD0F /* Products */,
			);
			sourceTree = "<group>";
		};
		78A8344F1A0BE60200D3AD0F /* Products */ = {
			isa = PBXGroup;
			children = (
				78A8344E1A0BE60200D3AD0F /* iTunesSearchAPI.app */,
				78A834631A0BE60200D3AD0F /* iTunesSearchAPITests.xctest */,
			);
			name = Products;
			sourceTree = "<group>";
		};
		78A834501A0BE60200D3AD0F /* iTunesSearchAPI */ = {
			isa = PBXGroup;
			children = (
				78A834531A0BE60200D3AD0F /* AppDelegate.swift */,
				78A834551A0BE60200D3AD0F /* ViewController.swift */,
				78A834571A0BE60200D3AD0F /* Main.storyboard */,
				78A8345A1A0BE60200D3AD0F /* Images.xcassets */,
				78A8345C1A0BE60200D3AD0F /* LaunchScreen.xib */,
				78A834511A0BE60200D3AD0F /* Supporting Files */,
			);
			path = iTunesSearchAPI;
			sourceTree = "<group>";
		};
		78A834511A0BE60200D3AD0F /* Supporting Files */ = {
			isa = PBXGroup;
			children = (
				78A834521A0BE60200D3AD0F /* Info.plist */,
			);
			name = "Supporting Files";
			sourceTree = "<group>";
		};
		78A834661A0BE60200D3AD0F /* iTunesSearchAPITests */ = {
			isa = PBXGroup;
			children = (
				78A834691A0BE60200D3AD0F /* iTunesSearchAPITests.swift */,
				78A834671A0BE60200D3AD0F /* Supporting Files */,
			);
			path = iTunesSearchAPITests;
			sourceTree = "<group>";
		};
		78A834671A0BE60200D3AD0F /* Supporting Files */ = {
			isa = PBXGroup;
			children = (
				78A834681A0BE60200D3AD0F /* Info.plist */,
			);
			name = "Supporting Files";
			sourceTree = "<group>";
		};
/* End PBXGroup section */

/* Begin PBXNativeTarget section */
		78A8344D1A0BE60200D3AD0F /* iTunesSearchAPI */ = {
			isa = PBXNativeTarget;
			buildConfigurationList = 78A8346D1A0BE60200D3AD0F /* Build configuration list for PBXNativeTarget "iTunesSearchAPI" */;
			buildPhases = (
				78A8344A1A0BE60200D3AD0F /* Sources */,
				78A8344B1A0BE60200D3AD0F /* Frameworks */,
				78A8344C1A0BE60200D3AD0F /* Resources */,
			);
			buildRules = (
			);
			dependencies = (
			);
			name = iTunesSearchAPI;
			productName = iTunesSearchAPI;
			productReference = 78A8344E1A0BE60200D3AD0F /* iTunesSearchAPI.app */;
			productType = "com.apple.product-type.application";
		};
		78A834621A0BE60200D3AD0F /* iTunesSearchAPITests */ = {
			isa = PBXNativeTarget;
			buildConfigurationList = 78A834701A0BE60200D3AD0F /* Build configuration list for PBXNativeTarget "iTunesSearchAPITests" */;
			buildPhases = (
				78A8345F1A0BE60200D3AD0F /* Sources */,
				78A834601A0BE60200D3AD0F /* Frameworks */,
				78A834611A0BE60200D3AD0F /* Resources */,
			);
			buildRules = (
			);
			dependencies = (
				78A834651A0BE60200D3AD0F /* PBXTargetDependency */,
			);
			name = iTunesSearchAPITests;
			productName = iTunesSearchAPITests;
			productReference = 78A834631A0BE60200D3AD0F /* iTunesSearchAPITests.xctest */;
			productType = "com.apple.product-type.bundle.unit-test";
		};
/* End PBXNativeTarget section */

/* Begin PBXProject section */
		78A834461A0BE60200D3AD0F /* Project object */ = {
			isa = PBXProject;
			attributes = {
				LastUpgradeCheck = 0610;
				ORGANIZATIONNAME = "Michael Crump";
				TargetAttributes = {
					78A8344D1A0BE60200D3AD0F = {
						CreatedOnToolsVersion = 6.1;
					};
					78A834621A0BE60200D3AD0F = {
						CreatedOnToolsVersion = 6.1;
						TestTargetID = 78A8344D1A0BE60200D3AD0F;
					};
				};
			};
			buildConfigurationList = 78A834491A0BE60200D3AD0F /* Build configuration list for PBXProject "iTunesSearchAPI" */;
			compatibilityVersion = "Xcode 3.2";
			developmentRegion = English;
			hasScannedForEncodings = 0;
			knownRegions = (
				en,
				Base,
			);
			mainGroup = 78A834451A0BE60200D3AD0F;
			productRefGroup = 78A8344F1A0BE60200D3AD0F /* Products */;
			projectDirPath = "";
			projectRoot = "";
			targets = (
				78A8344D1A0BE60200D3AD0F /* iTunesSearchAPI */,
				78A834621A0BE60200D3AD0F /* iTunesSearchAPITests */,
			);
		};
/* End PBXProject section */

/* Begin PBXResourcesBuildPhase section */
		78A8344C1A0BE60200D3AD0F /* Resources */ = {
			isa = PBXResourcesBuildPhase;
			buildActionMask = 2147483647;
			files = (
				78A834591A0BE60200D3AD0F /* Main.storyboard in Resources */,
				78A8345E1A0BE60200D3AD0F /* LaunchScreen.xib in Resources */,
				78A8345B1A0BE60200D3AD0F /* Images.xcassets in Resources */,
			);
			runOnlyForDeploymentPostprocessing = 0;
		};
		78A834611A0BE60200D3AD0F /* Resources */ = {
			isa = PBXResourcesBuildPhase;
			buildActionMask = 2147483647;
			files = (
			);
			runOnlyForDeploymentPostprocessing = 0;
		};
/* End PBXResourcesBuildPhase section */

/* Begin PBXSourcesBuildPhase section */
		78A8344A1A0BE60200D3AD0F /* Sources */ = {
			isa = PBXSourcesBuildPhase;
			buildActionMask = 2147483647;
			files = (
				78A834561A0BE60200D3AD0F /* ViewController.swift in Sources */,
				78A834541A0BE60200D3AD0F /* AppDelegate.swift in Sources */,
			);
			runOnlyForDeploymentPostprocessing = 0;
		};
		78A8345F1A0BE60200D3AD0F /* Sources */ = {
			isa = PBXSourcesBuildPhase;
			buildActionMask = 2147483647;
			files = (
				78A8346A1A0BE60200D3AD0F /* iTunesSearchAPITests.swift in Sources */,
			);
			runOnlyForDeploymentPostprocessing = 0;
		};
/* End PBXSourcesBuildPhase section */

/* Begin PBXTargetDependency section */
		78A834651A0BE60200D3AD0F /* PBXTargetDependency */ = {
			isa = PBXTargetDependency;
			target = 78A8344D1A0BE60200D3AD0F /* iTunesSearchAPI */;
			targetProxy = 78A834641A0BE60200D3AD0F /* PBXContainerItemProxy */;
		};
/* End PBXTargetDependency section */

/* Begin PBXVariantGroup section */
		78A834571A0BE60200D3AD0F /* Main.storyboard */ = {
			isa = PBXVariantGroup;
			children = (
				78A834581A0BE60200D3AD0F /* Base */,
			);
			name = Main.storyboard;
			sourceTree = "<group>";
		};
		78A8345C1A0BE60200D3AD0F /* LaunchScreen.xib */ = {
			isa = PBXVariantGroup;
			children = (
				78A8345D1A0BE60200D3AD0F /* Base */,
			);
			name = LaunchScreen.xib;
			sourceTree = "<group>";
		};
/* End PBXVariantGroup section */

/* Begin XCBuildConfiguration section */
		78A8346B1A0BE60200D3AD0F /* Debug */ = {
			isa = XCBuildConfiguration;
			buildSettings = {
				ALWAYS_SEARCH_USER_PATHS = NO;
				CLANG_CXX_LANGUAGE_STANDARD = "gnu++0x";
				CLANG_CXX_LIBRARY = "libc++";
				CLANG_ENABLE_MODULES = YES;
				CLANG_ENABLE_OBJC_ARC = YES;
				CLANG_WARN_BOOL_CONVERSION = YES;
				CLANG_WARN_CONSTANT_CONVERSION = YES;
				CLANG_WARN_DIRECT_OBJC_ISA_USAGE = YES_ERROR;
				CLANG_WARN_EMPTY_BODY = YES;
				CLANG_WARN_ENUM_CONVERSION = YES;
				CLANG_WARN_INT_CONVERSION = YES;
				CLANG_WARN_OBJC_ROOT_CLASS = YES_ERROR;
				CLANG_WARN_UNREACHABLE_CODE = YES;
				CLANG_WARN__DUPLICATE_METHOD_MATCH = YES;
				"CODE_SIGN_IDENTITY[sdk=iphoneos*]" = "iPhone Developer";
				COPY_PHASE_STRIP = NO;
				ENABLE_STRICT_OBJC_MSGSEND = YES;
				GCC_C_LANGUAGE_STANDARD = gnu99;
				GCC_DYNAMIC_NO_PIC = NO;
				GCC_OPTIMIZATION_LEVEL = 0;
				GCC_PREPROCESSOR_DEFINITIONS = (
					"DEBUG=1",
					"$(inherited)",
				);
				GCC_SYMBOLS_PRIVATE_EXTERN = NO;
				GCC_WARN_64_TO_32_BIT_CONVERSION = YES;
				GCC_WARN_ABOUT_RETURN_TYPE = YES_ERROR;
				GCC_WARN_UNDECLARED_SELECTOR = YES;
				GCC_WARN_UNINITIALIZED_AUTOS = YES_AGGRESSIVE;
				GCC_WARN_UNUSED_FUNCTION = YES;
				GCC_WARN_UNUSED_VARIABLE = YES;
				IPHONEOS_DEPLOYMENT_TARGET = 8.1;
				MTL_ENABLE_DEBUG_INFO = YES;
				ONLY_ACTIVE_ARCH = YES;
				SDKROOT = iphoneos;
				SWIFT_OPTIMIZATION_LEVEL = "-Onone";
			};
			name = Debug;
		};
		78A8346C1A0BE60200D3AD0F /* Release */ = {
			isa = XCBuildConfiguration;
			buildSettings = {
				ALWAYS_SEARCH_USER_PATHS = NO;
				CLANG_CXX_LANGUAGE_STANDARD = "gnu++0x";
				CLANG_CXX_LIBRARY = "libc++";
				CLANG_ENABLE_MODULES = YES;
				CLANG_ENABLE_OBJC_ARC = YES;
				CLANG_WARN_BOOL_CONVERSION = YES;
				CLANG_WARN_CONSTANT_CONVERSION = YES;
				CLANG_WARN_DIRECT_OBJC_ISA_USAGE = YES_ERROR;
				CLANG_WARN_EMPTY_BODY = YES;
				CLANG_WARN_ENUM_CONVERSION = YES;
				CLANG_WARN_INT_CONVERSION = YES;
				CLANG_WARN_OBJC_ROOT_CLASS = YES_ERROR;
				CLANG_WARN_UNREACHABLE_CODE = YES;
				CLANG_WARN__DUPLICATE_METHOD_MATCH = YES;
				"CODE_SIGN_IDENTITY[sdk=iphoneos*]" = "iPhone Developer";
				COPY_PHASE_STRIP = YES;
				ENABLE_NS_ASSERTIONS = NO;
				ENABLE_STRICT_OBJC_MSGSEND = YES;
				GCC_C_LANGUAGE_STANDARD = gnu99;
				GCC_WARN_64_TO_32_BIT_CONVERSION = YES;
				GCC_WARN_ABOUT_RETURN_TYPE = YES_ERROR;
				GCC_WARN_UNDECLARED_SELECTOR = YES;
				GCC_WARN_UNINITIALIZED_AUTOS = YES_AGGRESSIVE;
				GCC_WARN_UNUSED_FUNCTION = YES;
				GCC_WARN_UNUSED_VARIABLE = YES;
				IPHONEOS_DEPLOYMENT_TARGET = 8.1;
				MTL_ENABLE_DEBUG_INFO = NO;
				SDKROOT = iphoneos;
				VALIDATE_PRODUCT = YES;
			};
			name = Release;
		};
		78A8346E1A0BE60200D3AD0F /* Debug */ = {
			isa = XCBuildConfiguration;
			buildSettings = {
				ASSETCATALOG_COMPILER_APPICON_NAME = AppIcon;
				INFOPLIST_FILE = iTunesSearchAPI/Info.plist;
				LD_RUNPATH_SEARCH_PATHS = "$(inherited) @executable_path/Frameworks";
				PRODUCT_NAME = "$(TARGET_NAME)";
			};
			name = Debug;
		};
		78A8346F1A0BE60200D3AD0F /* Release */ = {
			isa = XCBuildConfiguration;
			buildSettings = {
				ASSETCATALOG_COMPILER_APPICON_NAME = AppIcon;
				INFOPLIST_FILE = iTunesSearchAPI/Info.plist;
				LD_RUNPATH_SEARCH_PATHS = "$(inherited) @executable_path/Frameworks";
				PRODUCT_NAME = "$(TARGET_NAME)";
			};
			name = Release;
		};
		78A834711A0BE60200D3AD0F /* Debug */ = {
			isa = XCBuildConfiguration;
			buildSettings = {
				BUNDLE_LOADER = "$(TEST_HOST)";
				FRAMEWORK_SEARCH_PATHS = (
					"$(SDKROOT)/Developer/Library/Frameworks",
					"$(inherited)",
				);
				GCC_PREPROCESSOR_DEFINITIONS = (
					"DEBUG=1",
					"$(inherited)",
				);
				INFOPLIST_FILE = iTunesSearchAPITests/Info.plist;
				LD_RUNPATH_SEARCH_PATHS = "$(inherited) @executable_path/Frameworks @loader_path/Frameworks";
				PRODUCT_NAME = "$(TARGET_NAME)";
				TEST_HOST = "$(BUILT_PRODUCTS_DIR)/iTunesSearchAPI.app/iTunesSearchAPI";
			};
			name = Debug;
		};
		78A834721A0BE60200D3AD0F /* Release */ = {
			isa = XCBuildConfiguration;
			buildSettings = {
				BUNDLE_LOADER = "$(TEST_HOST)";
				FRAMEWORK_SEARCH_PATHS = (
					"$(SDKROOT)/Developer/Library/Frameworks",
					"$(inherited)",
				);
				INFOPLIST_FILE = iTunesSearchAPITests/Info.plist;
				LD_RUNPATH_SEARCH_PATHS = "$(inherited) @executable_path/Frameworks @loader_path/Frameworks";
				PRODUCT_NAME = "$(TARGET_NAME)";
				TEST_HOST = "$(BUILT_PRODUCTS_DIR)/iTunesSearchAPI.app/iTunesSearchAPI";
			};
			name = Release;
		};
/* End XCBuildConfiguration section */

/* Begin XCConfigurationList section */
		78A834491A0BE60200D3AD0F /* Build configuration list for PBXProject "iTunesSearchAPI" */ = {
			isa = XCConfigurationList;
			buildConfigurations = (
				78A8346B1A0BE60200D3AD0F /* Debug */,
				78A8346C1A0BE60200D3AD0F /* Release */,
			);
			defaultConfigurationIsVisible = 0;
			defaultConfigurationName = Release;
		};
		78A8346D1A0BE60200D3AD0F /* Build configuration list for PBXNativeTarget "iTunesSearchAPI" */ = {
			isa = XCConfigurationList;
			buildConfigurations = (
				78A8346E1A0BE60200D3AD0F /* Debug */,
				78A8346F1A0BE60200D3AD0F /* Release */,
			);
			defaultConfigurationIsVisible = 0;
		};
		78A834701A0BE60200D3AD0F /* Build configuration list for PBXNativeTarget "iTunesSearchAPITests" */ = {
			isa = XCConfigurationList;
			buildConfigurations = (
				78A834711A0BE60200D3AD0F /* Debug */,
				78A834721A0BE60200D3AD0F /* Release */,
			);
			defaultConfigurationIsVisible = 0;
		};
/* End XCConfigurationList section */
	};
	rootObject = 78A834461A0BE60200D3AD0F /* Project object */;
}
